
Microsoft Visual Studio Solution File, Format Version 12.00
# Visual Studio Version 17
VisualStudioVersion = 17.3.32929.385
MinimumVisualStudioVersion = 10.0.40219.1
Project("{9A19103F-16F7-4668-BE54-9A1E7A4F7556}") = "ShootMeUp", "ShootMeUp.csproj", "{CC6B4105-B702-459D-A14E-215885E8297E}"
EndProject
Project("{FAE04EC0-301F-11D3-BF4B-00C04F79EFBC}") = "ShootMeUpTests", "..\ShootMeUpTests\ShootMeUpTests.csproj", "{DA5644CE-7351-4AA0-8200-6D302FF9990D}"
EndProject
Global
	GlobalSection(SolutionConfigurationPlatforms) = preSolution
		Debug|Any CPU = Debug|Any CPU
		Release|Any CPU = Release|Any CPU
	EndGlobalSection
	GlobalSection(ProjectConfigurationPlatforms) = postSolution
		{CC6B4105-B702-459D-A14E-215885E8297E}.Debug|Any CPU.ActiveCfg = Debug|Any CPU
		{CC6B4105-B702-459D-A14E-215885E8297E}.Debug|Any CPU.Build.0 = Debug|Any CPU
		{CC6B4105-B702-459D-A14E-215885E8297E}.Release|Any CPU.ActiveCfg = Release|Any CPU
		{CC6B4105-B702-459D-A14E-215885E8297E}.Release|Any CPU.Build.0 = Release|Any CPU
		{DA5644CE-7351-4AA0-8200-6D302FF9990D}.Debug|Any CPU.ActiveCfg = Debug|Any CPU
		{DA5644CE-7351-4AA0-8200-6D302FF9990D}.Debug|Any CPU.Build.0 = Debug|Any CPU
		{DA5644CE-7351-4AA0-8200-6D302FF9990D}.Release|Any CPU.ActiveCfg = Release|Any CPU
		{DA5644CE-7351-4AA0-8200-6D302FF9990D}.Release|Any CPU.Build.0 = Release|Any CPU
	EndGlobalSection
	GlobalSection(SolutionProperties) = preSolution
		HideSolutionNode = FALSE
	EndGlobalSection
	GlobalSection(ExtensibilityGlobals) = postSolution
		SolutionGuid = {23BC1F6F-C821-493D-A5B8-5A768335B317}
	EndGlobalSection
EndGlobal
